{
  "name": "validate",
  "version": "1.0.0",
  "lockfileVersion": 1,
  "requires": true,
  "dependencies": {
    "c4console": {
      "version": "1.0.8",
      "resolved": "https://registry.npmjs.org/c4console/-/c4console-1.0.8.tgz",
      "integrity": "sha512-IFX3GWbmWN1wPoWbvafpQyq5wL2+3DSMmtXfGg4QnBvhl2w4PwM9CC8VXviNo1T5SOa20OmlPh7t6QoTDREB8A=="
    }
  }
}
